// !$*UTF8*$!
{
	archiveVersion = 1;
	classes = {
	};
	objectVersion = 46;
	objects = {

/* Begin PBXBuildFile section */
		307B740971E61040F611CD03 /* Pods_RunningAppTests.framework in Frameworks */ = {isa = PBXBuildFile; fileRef = 2E839FC20312BB5F2EAC5A80 /* Pods_RunningAppTests.framework */; };
		36CA83831D36AE5800169B70 /* AppDelegate.swift in Sources */ = {isa = PBXBuildFile; fileRef = 36CA83821D36AE5800169B70 /* AppDelegate.swift */; };
		36CA83851D36AE5800169B70 /* ViewController.swift in Sources */ = {isa = PBXBuildFile; fileRef = 36CA83841D36AE5800169B70 /* ViewController.swift */; };
		36CA83881D36AE5800169B70 /* Main.storyboard in Resources */ = {isa = PBXBuildFile; fileRef = 36CA83861D36AE5800169B70 /* Main.storyboard */; };
		36CA838A1D36AE5800169B70 /* Assets.xcassets in Resources */ = {isa = PBXBuildFile; fileRef = 36CA83891D36AE5800169B70 /* Assets.xcassets */; };
		36CA838D1D36AE5800169B70 /* LaunchScreen.storyboard in Resources */ = {isa = PBXBuildFile; fileRef = 36CA838B1D36AE5800169B70 /* LaunchScreen.storyboard */; };
		36CA83981D36AE5800169B70 /* RunningAppTests.swift in Sources */ = {isa = PBXBuildFile; fileRef = 36CA83971D36AE5800169B70 /* RunningAppTests.swift */; };
		36CA83A31D36AE5800169B70 /* RunningAppUITests.swift in Sources */ = {isa = PBXBuildFile; fileRef = 36CA83A21D36AE5800169B70 /* RunningAppUITests.swift */; };
		36CA83B11D36B47400169B70 /* MapViewController.swift in Sources */ = {isa = PBXBuildFile; fileRef = 36CA83B01D36B47400169B70 /* MapViewController.swift */; };
		36CA83B91D36B4C700169B70 /* MapStoryboard.storyboard in Resources */ = {isa = PBXBuildFile; fileRef = 36CA83B81D36B4C700169B70 /* MapStoryboard.storyboard */; };
		36CA83BB1D36B5FB00169B70 /* MapViewExtension.swift in Sources */ = {isa = PBXBuildFile; fileRef = 36CA83BA1D36B5FB00169B70 /* MapViewExtension.swift */; };
		36CA83C21D385AEB00169B70 /* RouteGenerator.swift in Sources */ = {isa = PBXBuildFile; fileRef = 36CA83C11D385AEB00169B70 /* RouteGenerator.swift */; };
		36CA83C61D385B0E00169B70 /* RouteViewController.swift in Sources */ = {isa = PBXBuildFile; fileRef = 36CA83C51D385B0E00169B70 /* RouteViewController.swift */; };
		36CA83C81D385B8100169B70 /* RouteStoryboard.storyboard in Resources */ = {isa = PBXBuildFile; fileRef = 36CA83C71D385B8100169B70 /* RouteStoryboard.storyboard */; };
		36DCD0BD1D40328B000AA1A0 /* Route.swift in Sources */ = {isa = PBXBuildFile; fileRef = 36DCD0BC1D40328B000AA1A0 /* Route.swift */; };
		686CDD62FC06EBBE0167BF57 /* Pods_RunningApp.framework in Frameworks */ = {isa = PBXBuildFile; fileRef = B4C485FD4DC45862B8D278FB /* Pods_RunningApp.framework */; };
		880219441CAB09E37008DA60 /* Pods_RunningAppUITests.framework in Frameworks */ = {isa = PBXBuildFile; fileRef = FB46B7C62A1DE78DCDB1CA92 /* Pods_RunningAppUITests.framework */; };
/* End PBXBuildFile section */

/* Begin PBXContainerItemProxy section */
		36CA83941D36AE5800169B70 /* PBXContainerItemProxy */ = {
			isa = PBXContainerItemProxy;
			containerPortal = 36CA83771D36AE5800169B70 /* Project object */;
			proxyType = 1;
			remoteGlobalIDString = 36CA837E1D36AE5800169B70;
			remoteInfo = RunningApp;
		};
		36CA839F1D36AE5800169B70 /* PBXContainerItemProxy */ = {
			isa = PBXContainerItemProxy;
			containerPortal = 36CA83771D36AE5800169B70 /* Project object */;
			proxyType = 1;
			remoteGlobalIDString = 36CA837E1D36AE5800169B70;
			remoteInfo = RunningApp;
		};
/* End PBXContainerItemProxy section */

/* Begin PBXFileReference section */
		19B1A1EECA99D874F5F86CFA /* Pods-RunningAppUITests.release.xcconfig */ = {isa = PBXFileReference; includeInIndex = 1; lastKnownFileType = text.xcconfig; name = "Pods-RunningAppUITests.release.xcconfig"; path = "Pods/Target Support Files/Pods-RunningAppUITests/Pods-RunningAppUITests.release.xcconfig"; sourceTree = "<group>"; };
		2E839FC20312BB5F2EAC5A80 /* Pods_RunningAppTests.framework */ = {isa = PBXFileReference; explicitFileType = wrapper.framework; includeInIndex = 0; path = Pods_RunningAppTests.framework; sourceTree = BUILT_PRODUCTS_DIR; };
		36CA837F1D36AE5800169B70 /* RunningApp.app */ = {isa = PBXFileReference; explicitFileType = wrapper.application; includeInIndex = 0; path = RunningApp.app; sourceTree = BUILT_PRODUCTS_DIR; };
		36CA83821D36AE5800169B70 /* AppDelegate.swift */ = {isa = PBXFileReference; lastKnownFileType = sourcecode.swift; path = AppDelegate.swift; sourceTree = "<group>"; };
		36CA83841D36AE5800169B70 /* ViewController.swift */ = {isa = PBXFileReference; lastKnownFileType = sourcecode.swift; path = ViewController.swift; sourceTree = "<group>"; };
		36CA83871D36AE5800169B70 /* Base */ = {isa = PBXFileReference; lastKnownFileType = file.storyboard; name = Base; path = Base.lproj/Main.storyboard; sourceTree = "<group>"; };
		36CA83891D36AE5800169B70 /* Assets.xcassets */ = {isa = PBXFileReference; lastKnownFileType = folder.assetcatalog; path = Assets.xcassets; sourceTree = "<group>"; };
		36CA838C1D36AE5800169B70 /* Base */ = {isa = PBXFileReference; lastKnownFileType = file.storyboard; name = Base; path = Base.lproj/LaunchScreen.storyboard; sourceTree = "<group>"; };
		36CA838E1D36AE5800169B70 /* Info.plist */ = {isa = PBXFileReference; lastKnownFileType = text.plist.xml; path = Info.plist; sourceTree = "<group>"; };
		36CA83931D36AE5800169B70 /* RunningAppTests.xctest */ = {isa = PBXFileReference; explicitFileType = wrapper.cfbundle; includeInIndex = 0; path = RunningAppTests.xctest; sourceTree = BUILT_PRODUCTS_DIR; };
		36CA83971D36AE5800169B70 /* RunningAppTests.swift */ = {isa = PBXFileReference; lastKnownFileType = sourcecode.swift; path = RunningAppTests.swift; sourceTree = "<group>"; };
		36CA83991D36AE5800169B70 /* Info.plist */ = {isa = PBXFileReference; lastKnownFileType = text.plist.xml; path = Info.plist; sourceTree = "<group>"; };
		36CA839E1D36AE5800169B70 /* RunningAppUITests.xctest */ = {isa = PBXFileReference; explicitFileType = wrapper.cfbundle; includeInIndex = 0; path = RunningAppUITests.xctest; sourceTree = BUILT_PRODUCTS_DIR; };
		36CA83A21D36AE5800169B70 /* RunningAppUITests.swift */ = {isa = PBXFileReference; lastKnownFileType = sourcecode.swift; path = RunningAppUITests.swift; sourceTree = "<group>"; };
		36CA83A41D36AE5800169B70 /* Info.plist */ = {isa = PBXFileReference; lastKnownFileType = text.plist.xml; path = Info.plist; sourceTree = "<group>"; };
		36CA83B01D36B47400169B70 /* MapViewController.swift */ = {isa = PBXFileReference; fileEncoding = 4; lastKnownFileType = sourcecode.swift; name = MapViewController.swift; path = View/Map/MapViewController.swift; sourceTree = "<group>"; };
		36CA83B81D36B4C700169B70 /* MapStoryboard.storyboard */ = {isa = PBXFileReference; fileEncoding = 4; lastKnownFileType = file.storyboard; name = MapStoryboard.storyboard; path = View/Map/MapStoryboard.storyboard; sourceTree = "<group>"; };
		36CA83BA1D36B5FB00169B70 /* MapViewExtension.swift */ = {isa = PBXFileReference; fileEncoding = 4; lastKnownFileType = sourcecode.swift; name = MapViewExtension.swift; path = View/Map/MapViewExtension.swift; sourceTree = "<group>"; };
		36CA83C11D385AEB00169B70 /* RouteGenerator.swift */ = {isa = PBXFileReference; fileEncoding = 4; lastKnownFileType = sourcecode.swift; name = RouteGenerator.swift; path = View/Routes/RouteGenerator.swift; sourceTree = "<group>"; };
		36CA83C51D385B0E00169B70 /* RouteViewController.swift */ = {isa = PBXFileReference; fileEncoding = 4; lastKnownFileType = sourcecode.swift; name = RouteViewController.swift; path = View/Routes/RouteViewController.swift; sourceTree = "<group>"; };
		36CA83C71D385B8100169B70 /* RouteStoryboard.storyboard */ = {isa = PBXFileReference; fileEncoding = 4; lastKnownFileType = file.storyboard; name = RouteStoryboard.storyboard; path = View/Routes/RouteStoryboard.storyboard; sourceTree = "<group>"; };
		36DCD0BC1D40328B000AA1A0 /* Route.swift */ = {isa = PBXFileReference; fileEncoding = 4; lastKnownFileType = sourcecode.swift; name = Route.swift; path = Data/Route.swift; sourceTree = "<group>"; };
		5500C595DF0AD5C61DB1FAA7 /* Pods-RunningAppUITests.debug.xcconfig */ = {isa = PBXFileReference; includeInIndex = 1; lastKnownFileType = text.xcconfig; name = "Pods-RunningAppUITests.debug.xcconfig"; path = "Pods/Target Support Files/Pods-RunningAppUITests/Pods-RunningAppUITests.debug.xcconfig"; sourceTree = "<group>"; };
		78DAD96D872B97D884509893 /* Pods-RunningAppTests.debug.xcconfig */ = {isa = PBXFileReference; includeInIndex = 1; lastKnownFileType = text.xcconfig; name = "Pods-RunningAppTests.debug.xcconfig"; path = "Pods/Target Support Files/Pods-RunningAppTests/Pods-RunningAppTests.debug.xcconfig"; sourceTree = "<group>"; };
		B4C485FD4DC45862B8D278FB /* Pods_RunningApp.framework */ = {isa = PBXFileReference; explicitFileType = wrapper.framework; includeInIndex = 0; path = Pods_RunningApp.framework; sourceTree = BUILT_PRODUCTS_DIR; };
		C6D882282C691EC1FAF0441D /* Pods-RunningApp.release.xcconfig */ = {isa = PBXFileReference; includeInIndex = 1; lastKnownFileType = text.xcconfig; name = "Pods-RunningApp.release.xcconfig"; path = "Pods/Target Support Files/Pods-RunningApp/Pods-RunningApp.release.xcconfig"; sourceTree = "<group>"; };
		D20B2180DA32E52AAA94D8B0 /* Pods-RunningAppTests.release.xcconfig */ = {isa = PBXFileReference; includeInIndex = 1; lastKnownFileType = text.xcconfig; name = "Pods-RunningAppTests.release.xcconfig"; path = "Pods/Target Support Files/Pods-RunningAppTests/Pods-RunningAppTests.release.xcconfig"; sourceTree = "<group>"; };
		E2FCEC980FE914334EEA1BD6 /* Pods-RunningApp.debug.xcconfig */ = {isa = PBXFileReference; includeInIndex = 1; lastKnownFileType = text.xcconfig; name = "Pods-RunningApp.debug.xcconfig"; path = "Pods/Target Support Files/Pods-RunningApp/Pods-RunningApp.debug.xcconfig"; sourceTree = "<group>"; };
		FB46B7C62A1DE78DCDB1CA92 /* Pods_RunningAppUITests.framework */ = {isa = PBXFileReference; explicitFileType = wrapper.framework; includeInIndex = 0; path = Pods_RunningAppUITests.framework; sourceTree = BUILT_PRODUCTS_DIR; };
/* End PBXFileReference section */

/* Begin PBXFrameworksBuildPhase section */
		36CA837C1D36AE5800169B70 /* Frameworks */ = {
			isa = PBXFrameworksBuildPhase;
			buildActionMask = 2147483647;
			files = (
				686CDD62FC06EBBE0167BF57 /* Pods_RunningApp.framework in Frameworks */,
			);
			runOnlyForDeploymentPostprocessing = 0;
		};
		36CA83901D36AE5800169B70 /* Frameworks */ = {
			isa = PBXFrameworksBuildPhase;
			buildActionMask = 2147483647;
			files = (
				307B740971E61040F611CD03 /* Pods_RunningAppTests.framework in Frameworks */,
			);
			runOnlyForDeploymentPostprocessing = 0;
		};
		36CA839B1D36AE5800169B70 /* Frameworks */ = {
			isa = PBXFrameworksBuildPhase;
			buildActionMask = 2147483647;
			files = (
				880219441CAB09E37008DA60 /* Pods_RunningAppUITests.framework in Frameworks */,
			);
			runOnlyForDeploymentPostprocessing = 0;
		};
/* End PBXFrameworksBuildPhase section */

/* Begin PBXGroup section */
		22AE1F80F9E8E7FE3CF5D76A /* Pods */ = {
			isa = PBXGroup;
			children = (
				E2FCEC980FE914334EEA1BD6 /* Pods-RunningApp.debug.xcconfig */,
				C6D882282C691EC1FAF0441D /* Pods-RunningApp.release.xcconfig */,
				78DAD96D872B97D884509893 /* Pods-RunningAppTests.debug.xcconfig */,
				D20B2180DA32E52AAA94D8B0 /* Pods-RunningAppTests.release.xcconfig */,
				5500C595DF0AD5C61DB1FAA7 /* Pods-RunningAppUITests.debug.xcconfig */,
				19B1A1EECA99D874F5F86CFA /* Pods-RunningAppUITests.release.xcconfig */,
			);
			name = Pods;
			sourceTree = "<group>";
		};
		26A9A9CA9D7A0FF74ED8A378 /* Frameworks */ = {
			isa = PBXGroup;
			children = (
				B4C485FD4DC45862B8D278FB /* Pods_RunningApp.framework */,
				2E839FC20312BB5F2EAC5A80 /* Pods_RunningAppTests.framework */,
				FB46B7C62A1DE78DCDB1CA92 /* Pods_RunningAppUITests.framework */,
			);
			name = Frameworks;
			sourceTree = "<group>";
		};
		36CA83761D36AE5800169B70 = {
			isa = PBXGroup;
			children = (
				36CA83811D36AE5800169B70 /* RunningApp */,
				36CA83961D36AE5800169B70 /* RunningAppTests */,
				36CA83A11D36AE5800169B70 /* RunningAppUITests */,
				36CA83801D36AE5800169B70 /* Products */,
				22AE1F80F9E8E7FE3CF5D76A /* Pods */,
				26A9A9CA9D7A0FF74ED8A378 /* Frameworks */,
			);
			sourceTree = "<group>";
		};
		36CA83801D36AE5800169B70 /* Products */ = {
			isa = PBXGroup;
			children = (
				36CA837F1D36AE5800169B70 /* RunningApp.app */,
				36CA83931D36AE5800169B70 /* RunningAppTests.xctest */,
				36CA839E1D36AE5800169B70 /* RunningAppUITests.xctest */,
			);
			name = Products;
			sourceTree = "<group>";
		};
		36CA83811D36AE5800169B70 /* RunningApp */ = {
			isa = PBXGroup;
			children = (
				36DCD0BB1D403278000AA1A0 /* Data */,
				36CA83821D36AE5800169B70 /* AppDelegate.swift */,
				36CA83841D36AE5800169B70 /* ViewController.swift */,
				36CA83861D36AE5800169B70 /* Main.storyboard */,
				36CA83891D36AE5800169B70 /* Assets.xcassets */,
				36CA838B1D36AE5800169B70 /* LaunchScreen.storyboard */,
				36CA838E1D36AE5800169B70 /* Info.plist */,
				36CA83B21D36B47900169B70 /* View */,
			);
			path = RunningApp;
			sourceTree = "<group>";
		};
		36CA83961D36AE5800169B70 /* RunningAppTests */ = {
			isa = PBXGroup;
			children = (
				36CA83971D36AE5800169B70 /* RunningAppTests.swift */,
				36CA83991D36AE5800169B70 /* Info.plist */,
			);
			path = RunningAppTests;
			sourceTree = "<group>";
		};
		36CA83A11D36AE5800169B70 /* RunningAppUITests */ = {
			isa = PBXGroup;
			children = (
				36CA83A21D36AE5800169B70 /* RunningAppUITests.swift */,
				36CA83A41D36AE5800169B70 /* Info.plist */,
			);
			path = RunningAppUITests;
			sourceTree = "<group>";
		};
		36CA83B21D36B47900169B70 /* View */ = {
			isa = PBXGroup;
			children = (
				36CA83BE1D385AB300169B70 /* Routes */,
				36CA83B31D36B48100169B70 /* Map */,
			);
			name = View;
			sourceTree = "<group>";
		};
		36CA83B31D36B48100169B70 /* Map */ = {
			isa = PBXGroup;
			children = (
				36CA83B81D36B4C700169B70 /* MapStoryboard.storyboard */,
				36CA83B01D36B47400169B70 /* MapViewController.swift */,
				36CA83BA1D36B5FB00169B70 /* MapViewExtension.swift */,
			);
			name = Map;
			sourceTree = "<group>";
		};
		36CA83BE1D385AB300169B70 /* Routes */ = {
			isa = PBXGroup;
			children = (
				36CA83C11D385AEB00169B70 /* RouteGenerator.swift */,
				36CA83C71D385B8100169B70 /* RouteStoryboard.storyboard */,
				36CA83C51D385B0E00169B70 /* RouteViewController.swift */,
			);
			name = Routes;
			sourceTree = "<group>";
		};
		36DCD0BB1D403278000AA1A0 /* Data */ = {
			isa = PBXGroup;
			children = (
				36DCD0BC1D40328B000AA1A0 /* Route.swift */,
			);
			name = Data;
			sourceTree = "<group>";
		};
/* End PBXGroup section */

/* Begin PBXNativeTarget section */
		36CA837E1D36AE5800169B70 /* RunningApp */ = {
			isa = PBXNativeTarget;
			buildConfigurationList = 36CA83A71D36AE5800169B70 /* Build configuration list for PBXNativeTarget "RunningApp" */;
			buildPhases = (
				B459CCD843F78E69787B1D7E /* [CP] Check Pods Manifest.lock */,
				36CA837B1D36AE5800169B70 /* Sources */,
				36CA837C1D36AE5800169B70 /* Frameworks */,
				36CA837D1D36AE5800169B70 /* Resources */,
				18944C4EBA909CD4A6E922D7 /* [CP] Embed Pods Frameworks */,
				8113B1A88740E8A28B9B9227 /* [CP] Copy Pods Resources */,
			);
			buildRules = (
			);
			dependencies = (
			);
			name = RunningApp;
			productName = RunningApp;
			productReference = 36CA837F1D36AE5800169B70 /* RunningApp.app */;
			productType = "com.apple.product-type.application";
		};
		36CA83921D36AE5800169B70 /* RunningAppTests */ = {
			isa = PBXNativeTarget;
			buildConfigurationList = 36CA83AA1D36AE5800169B70 /* Build configuration list for PBXNativeTarget "RunningAppTests" */;
			buildPhases = (
				03DA0CE1F04174D8A4DEC28E /* [CP] Check Pods Manifest.lock */,
				36CA838F1D36AE5800169B70 /* Sources */,
				36CA83901D36AE5800169B70 /* Frameworks */,
				36CA83911D36AE5800169B70 /* Resources */,
				C59BE4381FD8E2AC973E6BE2 /* [CP] Embed Pods Frameworks */,
				3C0B59FC637388A1D7CA1D3D /* [CP] Copy Pods Resources */,
			);
			buildRules = (
			);
			dependencies = (
				36CA83951D36AE5800169B70 /* PBXTargetDependency */,
			);
			name = RunningAppTests;
			productName = RunningAppTests;
			productReference = 36CA83931D36AE5800169B70 /* RunningAppTests.xctest */;
			productType = "com.apple.product-type.bundle.unit-test";
		};
		36CA839D1D36AE5800169B70 /* RunningAppUITests */ = {
			isa = PBXNativeTarget;
			buildConfigurationList = 36CA83AD1D36AE5800169B70 /* Build configuration list for PBXNativeTarget "RunningAppUITests" */;
			buildPhases = (
				3B44B7CC158A6F92C8CE0AAD /* [CP] Check Pods Manifest.lock */,
				36CA839A1D36AE5800169B70 /* Sources */,
				36CA839B1D36AE5800169B70 /* Frameworks */,
				36CA839C1D36AE5800169B70 /* Resources */,
				97DAD752DA0FB9C5794A1452 /* [CP] Copy Pods Resources */,
				532B0C18A47D9265365DCED0 /* [CP] Embed Pods Frameworks */,
			);
			buildRules = (
			);
			dependencies = (
				36CA83A01D36AE5800169B70 /* PBXTargetDependency */,
			);
			name = RunningAppUITests;
			productName = RunningAppUITests;
			productReference = 36CA839E1D36AE5800169B70 /* RunningAppUITests.xctest */;
			productType = "com.apple.product-type.bundle.ui-testing";
		};
/* End PBXNativeTarget section */

/* Begin PBXProject section */
		36CA83771D36AE5800169B70 /* Project object */ = {
			isa = PBXProject;
			attributes = {
				LastSwiftUpdateCheck = 0730;
				LastUpgradeCheck = 0730;
				ORGANIZATIONNAME = "Ben Ha";
				TargetAttributes = {
					36CA837E1D36AE5800169B70 = {
						CreatedOnToolsVersion = 7.3.1;
					};
					36CA83921D36AE5800169B70 = {
						CreatedOnToolsVersion = 7.3.1;
						TestTargetID = 36CA837E1D36AE5800169B70;
					};
					36CA839D1D36AE5800169B70 = {
						CreatedOnToolsVersion = 7.3.1;
						TestTargetID = 36CA837E1D36AE5800169B70;
					};
				};
			};
			buildConfigurationList = 36CA837A1D36AE5800169B70 /* Build configuration list for PBXProject "RunningApp" */;
			compatibilityVersion = "Xcode 3.2";
			developmentRegion = English;
			hasScannedForEncodings = 0;
			knownRegions = (
				en,
				Base,
			);
			mainGroup = 36CA83761D36AE5800169B70;
			productRefGroup = 36CA83801D36AE5800169B70 /* Products */;
			projectDirPath = "";
			projectRoot = "";
			targets = (
				36CA837E1D36AE5800169B70 /* RunningApp */,
				36CA83921D36AE5800169B70 /* RunningAppTests */,
				36CA839D1D36AE5800169B70 /* RunningAppUITests */,
			);
		};
/* End PBXProject section */

/* Begin PBXResourcesBuildPhase section */
		36CA837D1D36AE5800169B70 /* Resources */ = {
			isa = PBXResourcesBuildPhase;
			buildActionMask = 2147483647;
			files = (
				36CA83C81D385B8100169B70 /* RouteStoryboard.storyboard in Resources */,
				36CA838D1D36AE5800169B70 /* LaunchScreen.storyboard in Resources */,
				36CA838A1D36AE5800169B70 /* Assets.xcassets in Resources */,
				36CA83B91D36B4C700169B70 /* MapStoryboard.storyboard in Resources */,
				36CA83881D36AE5800169B70 /* Main.storyboard in Resources */,
			);
			runOnlyForDeploymentPostprocessing = 0;
		};
		36CA83911D36AE5800169B70 /* Resources */ = {
			isa = PBXResourcesBuildPhase;
			buildActionMask = 2147483647;
			files = (
			);
			runOnlyForDeploymentPostprocessing = 0;
		};
		36CA839C1D36AE5800169B70 /* Resources */ = {
			isa = PBXResourcesBuildPhase;
			buildActionMask = 2147483647;
			files = (
			);
			runOnlyForDeploymentPostprocessing = 0;
		};
/* End PBXResourcesBuildPhase section */

/* Begin PBXShellScriptBuildPhase section */
		03DA0CE1F04174D8A4DEC28E /* [CP] Check Pods Manifest.lock */ = {
			isa = PBXShellScriptBuildPhase;
			buildActionMask = 2147483647;
			files = (
			);
			inputPaths = (
			);
			name = "[CP] Check Pods Manifest.lock";
			outputPaths = (
			);
			runOnlyForDeploymentPostprocessing = 0;
			shellPath = /bin/sh;
			shellScript = "diff \"${PODS_ROOT}/../Podfile.lock\" \"${PODS_ROOT}/Manifest.lock\" > /dev/null\nif [ $? != 0 ] ; then\n    # print error to STDERR\n    echo \"error: The sandbox is not in sync with the Podfile.lock. Run 'pod install' or update your CocoaPods installation.\" >&2\n    exit 1\nfi\n";
			showEnvVarsInLog = 0;
		};
		18944C4EBA909CD4A6E922D7 /* [CP] Embed Pods Frameworks */ = {
			isa = PBXShellScriptBuildPhase;
			buildActionMask = 2147483647;
			files = (
			);
			inputPaths = (
			);
			name = "[CP] Embed Pods Frameworks";
			outputPaths = (
			);
			runOnlyForDeploymentPostprocessing = 0;
			shellPath = /bin/sh;
			shellScript = "\"${SRCROOT}/Pods/Target Support Files/Pods-RunningApp/Pods-RunningApp-frameworks.sh\"\n";
			showEnvVarsInLog = 0;
		};
		3B44B7CC158A6F92C8CE0AAD /* [CP] Check Pods Manifest.lock */ = {
			isa = PBXShellScriptBuildPhase;
			buildActionMask = 2147483647;
			files = (
			);
			inputPaths = (
			);
			name = "[CP] Check Pods Manifest.lock";
			outputPaths = (
			);
			runOnlyForDeploymentPostprocessing = 0;
			shellPath = /bin/sh;
			shellScript = "diff \"${PODS_ROOT}/../Podfile.lock\" \"${PODS_ROOT}/Manifest.lock\" > /dev/null\nif [ $? != 0 ] ; then\n    # print error to STDERR\n    echo \"error: The sandbox is not in sync with the Podfile.lock. Run 'pod install' or update your CocoaPods installation.\" >&2\n    exit 1\nfi\n";
			showEnvVarsInLog = 0;
		};
		3C0B59FC637388A1D7CA1D3D /* [CP] Copy Pods Resources */ = {
			isa = PBXShellScriptBuildPhase;
			buildActionMask = 2147483647;
			files = (
			);
			inputPaths = (
			);
			name = "[CP] Copy Pods Resources";
			outputPaths = (
			);
			runOnlyForDeploymentPostprocessing = 0;
			shellPath = /bin/sh;
			shellScript = "\"${SRCROOT}/Pods/Target Support Files/Pods-RunningAppTests/Pods-RunningAppTests-resources.sh\"\n";
			showEnvVarsInLog = 0;
		};
		532B0C18A47D9265365DCED0 /* [CP] Embed Pods Frameworks */ = {
			isa = PBXShellScriptBuildPhase;
			buildActionMask = 2147483647;
			files = (
			);
			inputPaths = (
			);
			name = "[CP] Embed Pods Frameworks";
			outputPaths = (
			);
			runOnlyForDeploymentPostprocessing = 0;
			shellPath = /bin/sh;
			shellScript = "\"${SRCROOT}/Pods/Target Support Files/Pods-RunningAppUITests/Pods-RunningAppUITests-frameworks.sh\"\n";
			showEnvVarsInLog = 0;
		};
		8113B1A88740E8A28B9B9227 /* [CP] Copy Pods Resources */ = {
			isa = PBXShellScriptBuildPhase;
			buildActionMask = 2147483647;
			files = (
			);
			inputPaths = (
			);
			name = "[CP] Copy Pods Resources";
			outputPaths = (
			);
			runOnlyForDeploymentPostprocessing = 0;
			shellPath = /bin/sh;
			shellScript = "\"${SRCROOT}/Pods/Target Support Files/Pods-RunningApp/Pods-RunningApp-resources.sh\"\n";
			showEnvVarsInLog = 0;
		};
		97DAD752DA0FB9C5794A1452 /* [CP] Copy Pods Resources */ = {
			isa = PBXShellScriptBuildPhase;
			buildActionMask = 2147483647;
			files = (
			);
			inputPaths = (
			);
			name = "[CP] Copy Pods Resources";
			outputPaths = (
			);
			runOnlyForDeploymentPostprocessing = 0;
			shellPath = /bin/sh;
			shellScript = "\"${SRCROOT}/Pods/Target Support Files/Pods-RunningAppUITests/Pods-RunningAppUITests-resources.sh\"\n";
			showEnvVarsInLog = 0;
		};
		B459CCD843F78E69787B1D7E /* [CP] Check Pods Manifest.lock */ = {
			isa = PBXShellScriptBuildPhase;
			buildActionMask = 2147483647;
			files = (
			);
			inputPaths = (
			);
			name = "[CP] Check Pods Manifest.lock";
			outputPaths = (
			);
			runOnlyForDeploymentPostprocessing = 0;
			shellPath = /bin/sh;
			shellScript = "diff \"${PODS_ROOT}/../Podfile.lock\" \"${PODS_ROOT}/Manifest.lock\" > /dev/null\nif [ $? != 0 ] ; then\n    # print error to STDERR\n    echo \"error: The sandbox is not in sync with the Podfile.lock. Run 'pod install' or update your CocoaPods installation.\" >&2\n    exit 1\nfi\n";
			showEnvVarsInLog = 0;
		};
		C59BE4381FD8E2AC973E6BE2 /* [CP] Embed Pods Frameworks */ = {
			isa = PBXShellScriptBuildPhase;
			buildActionMask = 2147483647;
			files = (
			);
			inputPaths = (
			);
			name = "[CP] Embed Pods Frameworks";
			outputPaths = (
			);
			runOnlyForDeploymentPostprocessing = 0;
			shellPath = /bin/sh;
			shellScript = "\"${SRCROOT}/Pods/Target Support Files/Pods-RunningAppTests/Pods-RunningAppTests-frameworks.sh\"\n";
			showEnvVarsInLog = 0;
		};
/* End PBXShellScriptBuildPhase section */

/* Begin PBXSourcesBuildPhase section */
		36CA837B1D36AE5800169B70 /* Sources */ = {
			isa = PBXSourcesBuildPhase;
			buildActionMask = 2147483647;
			files = (
				36CA83851D36AE5800169B70 /* ViewController.swift in Sources */,
				36CA83B11D36B47400169B70 /* MapViewController.swift in Sources */,
				36CA83831D36AE5800169B70 /* AppDelegate.swift in Sources */,
				36CA83C21D385AEB00169B70 /* RouteGenerator.swift in Sources */,
				36CA83C61D385B0E00169B70 /* RouteViewController.swift in Sources */,
				36DCD0BD1D40328B000AA1A0 /* Route.swift in Sources */,
				36CA83BB1D36B5FB00169B70 /* MapViewExtension.swift in Sources */,
			);
			runOnlyForDeploymentPostprocessing = 0;
		};
		36CA838F1D36AE5800169B70 /* Sources */ = {
			isa = PBXSourcesBuildPhase;
			buildActionMask = 2147483647;
			files = (
				36CA83981D36AE5800169B70 /* RunningAppTests.swift in Sources */,
			);
			runOnlyForDeploymentPostprocessing = 0;
		};
		36CA839A1D36AE5800169B70 /* Sources */ = {
			isa = PBXSourcesBuildPhase;
			buildActionMask = 2147483647;
			files = (
				36CA83A31D36AE5800169B70 /* RunningAppUITests.swift in Sources */,
			);
			runOnlyForDeploymentPostprocessing = 0;
		};
/* End PBXSourcesBuildPhase section */

/* Begin PBXTargetDependency section */
		36CA83951D36AE5800169B70 /* PBXTargetDependency */ = {
			isa = PBXTargetDependency;
			target = 36CA837E1D36AE5800169B70 /* RunningApp */;
			targetProxy = 36CA83941D36AE5800169B70 /* PBXContainerItemProxy */;
		};
		36CA83A01D36AE5800169B70 /* PBXTargetDependency */ = {
			isa = PBXTargetDependency;
			target = 36CA837E1D36AE5800169B70 /* RunningApp */;
			targetProxy = 36CA839F1D36AE5800169B70 /* PBXContainerItemProxy */;
		};
/* End PBXTargetDependency section */

/* Begin PBXVariantGroup section */
		36CA83861D36AE5800169B70 /* Main.storyboard */ = {
			isa = PBXVariantGroup;
			children = (
				36CA83871D36AE5800169B70 /* Base */,
			);
			name = Main.storyboard;
			sourceTree = "<group>";
		};
		36CA838B1D36AE5800169B70 /* LaunchScreen.storyboard */ = {
			isa = PBXVariantGroup;
			children = (
				36CA838C1D36AE5800169B70 /* Base */,
			);
			name = LaunchScreen.storyboard;
			sourceTree = "<group>";
		};
/* End PBXVariantGroup section */

/* Begin XCBuildConfiguration section */
		36CA83A51D36AE5800169B70 /* Debug */ = {
			isa = XCBuildConfiguration;
			buildSettings = {
				ALWAYS_SEARCH_USER_PATHS = NO;
				CLANG_ANALYZER_NONNULL = YES;
				CLANG_CXX_LANGUAGE_STANDARD = "gnu++0x";
				CLANG_CXX_LIBRARY = "libc++";
				CLANG_ENABLE_MODULES = YES;
				CLANG_ENABLE_OBJC_ARC = YES;
				CLANG_WARN_BOOL_CONVERSION = YES;
				CLANG_WARN_CONSTANT_CONVERSION = YES;
				CLANG_WARN_DIRECT_OBJC_ISA_USAGE = YES_ERROR;
				CLANG_WARN_EMPTY_BODY = YES;
				CLANG_WARN_ENUM_CONVERSION = YES;
				CLANG_WARN_INT_CONVERSION = YES;
				CLANG_WARN_OBJC_ROOT_CLASS = YES_ERROR;
				CLANG_WARN_UNREACHABLE_CODE = YES;
				CLANG_WARN__DUPLICATE_METHOD_MATCH = YES;
				"CODE_SIGN_IDENTITY[sdk=iphoneos*]" = "iPhone Developer";
				COPY_PHASE_STRIP = NO;
				DEBUG_INFORMATION_FORMAT = dwarf;
				ENABLE_STRICT_OBJC_MSGSEND = YES;
				ENABLE_TESTABILITY = YES;
				GCC_C_LANGUAGE_STANDARD = gnu99;
				GCC_DYNAMIC_NO_PIC = NO;
				GCC_NO_COMMON_BLOCKS = YES;
				GCC_OPTIMIZATION_LEVEL = 0;
				GCC_PREPROCESSOR_DEFINITIONS = (
					"DEBUG=1",
					"$(inherited)",
				);
				GCC_WARN_64_TO_32_BIT_CONVERSION = YES;
				GCC_WARN_ABOUT_RETURN_TYPE = YES_ERROR;
				GCC_WARN_UNDECLARED_SELECTOR = YES;
				GCC_WARN_UNINITIALIZED_AUTOS = YES_AGGRESSIVE;
				GCC_WARN_UNUSED_FUNCTION = YES;
				GCC_WARN_UNUSED_VARIABLE = YES;
				IPHONEOS_DEPLOYMENT_TARGET = 9.3;
				MTL_ENABLE_DEBUG_INFO = YES;
				ONLY_ACTIVE_ARCH = YES;
				SDKROOT = iphoneos;
				SWIFT_OPTIMIZATION_LEVEL = "-Onone";
				TARGETED_DEVICE_FAMILY = "1,2";
			};
			name = Debug;
		};
		36CA83A61D36AE5800169B70 /* Release */ = {
			isa = XCBuildConfiguration;
			buildSettings = {
				ALWAYS_SEARCH_USER_PATHS = NO;
				CLANG_ANALYZER_NONNULL = YES;
				CLANG_CXX_LANGUAGE_STANDARD = "gnu++0x";
				CLANG_CXX_LIBRARY = "libc++";
				CLANG_ENABLE_MODULES = YES;
				CLANG_ENABLE_OBJC_ARC = YES;
				CLANG_WARN_BOOL_CONVERSION = YES;
				CLANG_WARN_CONSTANT_CONVERSION = YES;
				CLANG_WARN_DIRECT_OBJC_ISA_USAGE = YES_ERROR;
				CLANG_WARN_EMPTY_BODY = YES;
				CLANG_WARN_ENUM_CONVERSION = YES;
				CLANG_WARN_INT_CONVERSION = YES;
				CLANG_WARN_OBJC_ROOT_CLASS = YES_ERROR;
				CLANG_WARN_UNREACHABLE_CODE = YES;
				CLANG_WARN__DUPLICATE_METHOD_MATCH = YES;
				"CODE_SIGN_IDENTITY[sdk=iphoneos*]" = "iPhone Developer";
				COPY_PHASE_STRIP = NO;
				DEBUG_INFORMATION_FORMAT = "dwarf-with-dsym";
				ENABLE_NS_ASSERTIONS = NO;
				ENABLE_STRICT_OBJC_MSGSEND = YES;
				GCC_C_LANGUAGE_STANDARD = gnu99;
				GCC_NO_COMMON_BLOCKS = YES;
				GCC_WARN_64_TO_32_BIT_CONVERSION = YES;
				GCC_WARN_ABOUT_RETURN_TYPE = YES_ERROR;
				GCC_WARN_UNDECLARED_SELECTOR = YES;
				GCC_WARN_UNINITIALIZED_AUTOS = YES_AGGRESSIVE;
				GCC_WARN_UNUSED_FUNCTION = YES;
				GCC_WARN_UNUSED_VARIABLE = YES;
				IPHONEOS_DEPLOYMENT_TARGET = 9.3;
				MTL_ENABLE_DEBUG_INFO = NO;
				SDKROOT = iphoneos;
				TARGETED_DEVICE_FAMILY = "1,2";
				VALIDATE_PRODUCT = YES;
			};
			name = Release;
		};
		36CA83A81D36AE5800169B70 /* Debug */ = {
			isa = XCBuildConfiguration;
			baseConfigurationReference = E2FCEC980FE914334EEA1BD6 /* Pods-RunningApp.debug.xcconfig */;
			buildSettings = {
				ASSETCATALOG_COMPILER_APPICON_NAME = AppIcon;
				INFOPLIST_FILE = RunningApp/Info.plist;
				IPHONEOS_DEPLOYMENT_TARGET = 9.0;
				LD_RUNPATH_SEARCH_PATHS = "$(inherited) @executable_path/Frameworks";
				PRODUCT_BUNDLE_IDENTIFIER = com.benjaminha.RunningApp;
				PRODUCT_NAME = "$(TARGET_NAME)";
			};
			name = Debug;
		};
		36CA83A91D36AE5800169B70 /* Release */ = {
			isa = XCBuildConfiguration;
			baseConfigurationReference = C6D882282C691EC1FAF0441D /* Pods-RunningApp.release.xcconfig */;
			buildSettings = {
				ASSETCATALOG_COMPILER_APPICON_NAME = AppIcon;
				INFOPLIST_FILE = RunningApp/Info.plist;
				IPHONEOS_DEPLOYMENT_TARGET = 9.0;
				LD_RUNPATH_SEARCH_PATHS = "$(inherited) @executable_path/Frameworks";
				PRODUCT_BUNDLE_IDENTIFIER = com.benjaminha.RunningApp;
				PRODUCT_NAME = "$(TARGET_NAME)";
			};
			name = Release;
		};
		36CA83AB1D36AE5800169B70 /* Debug */ = {
			isa = XCBuildConfiguration;
			baseConfigurationReference = 78DAD96D872B97D884509893 /* Pods-RunningAppTests.debug.xcconfig */;
			buildSettings = {
				BUNDLE_LOADER = "$(TEST_HOST)";
				INFOPLIST_FILE = RunningAppTests/Info.plist;
				LD_RUNPATH_SEARCH_PATHS = "$(inherited) @executable_path/Frameworks @loader_path/Frameworks";
				PRODUCT_BUNDLE_IDENTIFIER = com.benjaminha.RunningAppTests;
				PRODUCT_NAME = "$(TARGET_NAME)";
				TEST_HOST = "$(BUILT_PRODUCTS_DIR)/RunningApp.app/RunningApp";
			};
			name = Debug;
		};
		36CA83AC1D36AE5800169B70 /* Release */ = {
			isa = XCBuildConfiguration;
			baseConfigurationReference = D20B2180DA32E52AAA94D8B0 /* Pods-RunningAppTests.release.xcconfig */;
			buildSettings = {
				BUNDLE_LOADER = "$(TEST_HOST)";
				INFOPLIST_FILE = RunningAppTests/Info.plist;
				LD_RUNPATH_SEARCH_PATHS = "$(inherited) @executable_path/Frameworks @loader_path/Frameworks";
				PRODUCT_BUNDLE_IDENTIFIER = com.benjaminha.RunningAppTests;
				PRODUCT_NAME = "$(TARGET_NAME)";
				TEST_HOST = "$(BUILT_PRODUCTS_DIR)/RunningApp.app/RunningApp";
			};
			name = Release;
		};
		36CA83AE1D36AE5800169B70 /* Debug */ = {
			isa = XCBuildConfiguration;
			baseConfigurationReference = 5500C595DF0AD5C61DB1FAA7 /* Pods-RunningAppUITests.debug.xcconfig */;
			buildSettings = {
				INFOPLIST_FILE = RunningAppUITests/Info.plist;
				LD_RUNPATH_SEARCH_PATHS = "$(inherited) @executable_path/Frameworks @loader_path/Frameworks";
				PRODUCT_BUNDLE_IDENTIFIER = com.benjaminha.RunningAppUITests;
				PRODUCT_NAME = "$(TARGET_NAME)";
				TEST_TARGET_NAME = RunningApp;
			};
			name = Debug;
		};
		36CA83AF1D36AE5800169B70 /* Release */ = {
			isa = XCBuildConfiguration;
			baseConfigurationReference = 19B1A1EECA99D874F5F86CFA /* Pods-RunningAppUITests.release.xcconfig */;
			buildSettings = {
				INFOPLIST_FILE = RunningAppUITests/Info.plist;
				LD_RUNPATH_SEARCH_PATHS = "$(inherited) @executable_path/Frameworks @loader_path/Frameworks";
				PRODUCT_BUNDLE_IDENTIFIER = com.benjaminha.RunningAppUITests;
				PRODUCT_NAME = "$(TARGET_NAME)";
				TEST_TARGET_NAME = RunningApp;
			};
			name = Release;
		};
/* End XCBuildConfiguration section */

/* Begin XCConfigurationList section */
		36CA837A1D36AE5800169B70 /* Build configuration list for PBXProject "RunningApp" */ = {
			isa = XCConfigurationList;
			buildConfigurations = (
				36CA83A51D36AE5800169B70 /* Debug */,
				36CA83A61D36AE5800169B70 /* Release */,
			);
			defaultConfigurationIsVisible = 0;
			defaultConfigurationName = Release;
		};
		36CA83A71D36AE5800169B70 /* Build configuration list for PBXNativeTarget "RunningApp" */ = {
			isa = XCConfigurationList;
			buildConfigurations = (
				36CA83A81D36AE5800169B70 /* Debug */,
				36CA83A91D36AE5800169B70 /* Release */,
			);
			defaultConfigurationIsVisible = 0;
			defaultConfigurationName = Release;
		};
		36CA83AA1D36AE5800169B70 /* Build configuration list for PBXNativeTarget "RunningAppTests" */ = {
			isa = XCConfigurationList;
			buildConfigurations = (
				36CA83AB1D36AE5800169B70 /* Debug */,
				36CA83AC1D36AE5800169B70 /* Release */,
			);
			defaultConfigurationIsVisible = 0;
			defaultConfigurationName = Release;
		};
		36CA83AD1D36AE5800169B70 /* Build configuration list for PBXNativeTarget "RunningAppUITests" */ = {
			isa = XCConfigurationList;
			buildConfigurations = (
				36CA83AE1D36AE5800169B70 /* Debug */,
				36CA83AF1D36AE5800169B70 /* Release */,
			);
			defaultConfigurationIsVisible = 0;
			defaultConfigurationName = Release;
		};
/* End XCConfigurationList section */
	};
	rootObject = 36CA83771D36AE5800169B70 /* Project object */;
}
