PODS:
  - Alamofire (3.4.1)
  - Cartography (0.6.0)
  - GMStepper (1.2.0)
  - GoogleMaps (2.0.1):
    - GoogleMaps/Maps (= 2.0.1)
  - GoogleMaps/Base (2.0.1)
  - GoogleMaps/Maps (2.0.1):
    - GoogleMaps/Base (= 2.0.1)
  - GooglePlaces (2.0.1):
    - GoogleMaps/Base (= 2.0.1)
  - Kanna (1.1.0)
  - PermissionScope (1.0.2)
  - RandomColorSwift (0.1.0)
  - Realm (1.0.2):
    - Realm/Headers (= 1.0.2)
  - Realm/Headers (1.0.2)
  - RealmSwift (1.0.2):
    - Realm (= 1.0.2)
  - SwiftyJSON (2.3.2)

DEPENDENCIES:
  - Alamofire
  - Cartography
  - GMStepper
  - GoogleMaps
  - GooglePlaces
  - Kanna (~> 1.1.0)
  - PermissionScope
  - RandomColorSwift
  - RealmSwift
  - SwiftyJSON

SPEC CHECKSUMS:
  Alamofire: 01a82e2f6c0f860ade35534c8dd88be61bdef40c
  Cartography: 70af183a248547694a8cfaa6b989cb7e04589985
  GMStepper: e743b5648ae5fe877e33d3b51b5aa2df432f179d
  GoogleMaps: f09da64fc987c1aa29394567c3cab5a3df83c402
  GooglePlaces: 72fab1d1651c6df0322f2aad245ffb15b80d3c56
  Kanna: 355ed0193e5d8caf4fd996856b5bc98d586c11b6
  PermissionScope: 860828c5516d349b6f49e5491799cfef33c5ccc7
  RandomColorSwift: b2e95d6d3670def6d2f907ec7b7041138b268ac9
  Realm: 9d5c46a4d7d27958530a8dfc58f63a99e5c2cba3
  RealmSwift: 82f3ac5e24530143dddfde2033acc0d308f27d96
  SwiftyJSON: 04ccea08915aa0109039157c7974cf0298da292a

PODFILE CHECKSUM: f7fc81ac688fed51807a83194c56db4a9685f0c3

COCOAPODS: 1.1.0.beta.1
